
Microsoft Visual Studio Solution File, Format Version 12.00
# Visual Studio Version 16
VisualStudioVersion = 25.0.1704.2
MinimumVisualStudioVersion = 10.0.40219.1
Project("{FAE04EC0-301F-11D3-BF4B-00C04F79EFBC}") = "APITutorial", "APITutorial\APITutorial.csproj", "{38517AC7-5FD4-4632-9760-A9B601111536}"
EndProject
Global
	GlobalSection(SolutionConfigurationPlatforms) = preSolution
		Debug|Any CPU = Debug|Any CPU
		Release|Any CPU = Release|Any CPU
	EndGlobalSection
	GlobalSection(ProjectConfigurationPlatforms) = postSolution
		{38517AC7-5FD4-4632-9760-A9B601111536}.Debug|Any CPU.ActiveCfg = Debug|Any CPU
		{38517AC7-5FD4-4632-9760-A9B601111536}.Debug|Any CPU.Build.0 = Debug|Any CPU
		{38517AC7-5FD4-4632-9760-A9B601111536}.Release|Any CPU.ActiveCfg = Release|Any CPU
		{38517AC7-5FD4-4632-9760-A9B601111536}.Release|Any CPU.Build.0 = Release|Any CPU
	EndGlobalSection
	GlobalSection(SolutionProperties) = preSolution
		HideSolutionNode = FALSE
	EndGlobalSection
	GlobalSection(ExtensibilityGlobals) = postSolution
		SolutionGuid = {99C6A676-079A-4E4B-8DA8-4A6E462477BB}
	EndGlobalSection
EndGlobal
