
Microsoft Visual Studio Solution File, Format Version 12.00
# Visual Studio Version 16
VisualStudioVersion = 25.0.1704.2
MinimumVisualStudioVersion = 10.0.40219.1
Project("{FAE04EC0-301F-11D3-BF4B-00C04F79EFBC}") = "APITutorial", "APITutorial.csproj", "{EF9E5C5E-62C6-4475-A9EF-F6C2695D1DFC}"
EndProject
Global
	GlobalSection(SolutionConfigurationPlatforms) = preSolution
		Debug|Any CPU = Debug|Any CPU
		Release|Any CPU = Release|Any CPU
	EndGlobalSection
	GlobalSection(ProjectConfigurationPlatforms) = postSolution
		{EF9E5C5E-62C6-4475-A9EF-F6C2695D1DFC}.Debug|Any CPU.ActiveCfg = Debug|Any CPU
		{EF9E5C5E-62C6-4475-A9EF-F6C2695D1DFC}.Debug|Any CPU.Build.0 = Debug|Any CPU
		{EF9E5C5E-62C6-4475-A9EF-F6C2695D1DFC}.Release|Any CPU.ActiveCfg = Release|Any CPU
		{EF9E5C5E-62C6-4475-A9EF-F6C2695D1DFC}.Release|Any CPU.Build.0 = Release|Any CPU
	EndGlobalSection
	GlobalSection(SolutionProperties) = preSolution
		HideSolutionNode = FALSE
	EndGlobalSection
	GlobalSection(ExtensibilityGlobals) = postSolution
		SolutionGuid = {700AA955-0D9A-43C9-B118-25D11032DC42}
	EndGlobalSection
EndGlobal
