
Microsoft Visual Studio Solution File, Format Version 12.00
# Visual Studio Version 16
VisualStudioVersion = 25.0.1704.2
MinimumVisualStudioVersion = 10.0.40219.1
Project("{FAE04EC0-301F-11D3-BF4B-00C04F79EFBC}") = "Banca", "Banca\Banca.csproj", "{80AF9418-09B8-457E-8F8C-9AF5603C34E5}"
EndProject
Global
	GlobalSection(SolutionConfigurationPlatforms) = preSolution
		Debug|Any CPU = Debug|Any CPU
		Release|Any CPU = Release|Any CPU
	EndGlobalSection
	GlobalSection(ProjectConfigurationPlatforms) = postSolution
		{80AF9418-09B8-457E-8F8C-9AF5603C34E5}.Debug|Any CPU.ActiveCfg = Debug|Any CPU
		{80AF9418-09B8-457E-8F8C-9AF5603C34E5}.Debug|Any CPU.Build.0 = Debug|Any CPU
		{80AF9418-09B8-457E-8F8C-9AF5603C34E5}.Release|Any CPU.ActiveCfg = Release|Any CPU
		{80AF9418-09B8-457E-8F8C-9AF5603C34E5}.Release|Any CPU.Build.0 = Release|Any CPU
	EndGlobalSection
	GlobalSection(SolutionProperties) = preSolution
		HideSolutionNode = FALSE
	EndGlobalSection
	GlobalSection(ExtensibilityGlobals) = postSolution
		SolutionGuid = {15EB1E54-6E07-461C-B005-6822BF9DBCDE}
	EndGlobalSection
EndGlobal
